
Microsoft Visual Studio Solution File, Format Version 12.00
# Visual Studio Version 16
VisualStudioVersion = 16.0.31229.75
MinimumVisualStudioVersion = 10.0.40219.1
Project("{8BC9CEB8-8B4A-11D0-8D11-00A0C91BC942}") = "Skelton", "Skelton\Skelton.vcxproj", "{139C8CC8-BD09-4016-9ADA-84B3FA08A940}"
EndProject
Global
	GlobalSection(SolutionConfigurationPlatforms) = preSolution
		Debug|x64 = Debug|x64
		Debug|x86 = Debug|x86
		Release|x64 = Release|x64
		Release|x86 = Release|x86
	EndGlobalSection
	GlobalSection(ProjectConfigurationPlatforms) = postSolution
		{139C8CC8-BD09-4016-9ADA-84B3FA08A940}.Debug|x64.ActiveCfg = Debug|x64
		{139C8CC8-BD09-4016-9ADA-84B3FA08A940}.Debug|x64.Build.0 = Debug|x64
		{139C8CC8-BD09-4016-9ADA-84B3FA08A940}.Debug|x86.ActiveCfg = Debug|Win32
		{139C8CC8-BD09-4016-9ADA-84B3FA08A940}.Debug|x86.Build.0 = Debug|Win32
		{139C8CC8-BD09-4016-9ADA-84B3FA08A940}.Release|x64.ActiveCfg = Release|x64
		{139C8CC8-BD09-4016-9ADA-84B3FA08A940}.Release|x64.Build.0 = Release|x64
		{139C8CC8-BD09-4016-9ADA-84B3FA08A940}.Release|x86.ActiveCfg = Release|Win32
		{139C8CC8-BD09-4016-9ADA-84B3FA08A940}.Release|x86.Build.0 = Release|Win32
	EndGlobalSection
	GlobalSection(SolutionProperties) = preSolution
		HideSolutionNode = FALSE
	EndGlobalSection
	GlobalSection(ExtensibilityGlobals) = postSolution
		SolutionGuid = {956FB67E-1AA4-4AE9-9AEF-13FB8976D52C}
	EndGlobalSection
EndGlobal
